
Microsoft Visual Studio Solution File, Format Version 12.00
# Visual Studio 2012
Project("{FAE04EC0-301F-11D3-BF4B-00C04F79EFBC}") = "2do", "2do\2do.csproj", "{56137372-04E8-409A-AF10-87954E660A5E}"
EndProject
Project("{FAE04EC0-301F-11D3-BF4B-00C04F79EFBC}") = "2do.Tests", "2do.Tests\2do.Tests.csproj", "{2D9AC085-5710-40F3-BF59-A9A659310426}"
EndProject
Global
	GlobalSection(SolutionConfigurationPlatforms) = preSolution
		Debug|Any CPU = Debug|Any CPU
		Release|Any CPU = Release|Any CPU
	EndGlobalSection
	GlobalSection(ProjectConfigurationPlatforms) = postSolution
		{56137372-04E8-409A-AF10-87954E660A5E}.Debug|Any CPU.ActiveCfg = Debug|Any CPU
		{56137372-04E8-409A-AF10-87954E660A5E}.Debug|Any CPU.Build.0 = Debug|Any CPU
		{56137372-04E8-409A-AF10-87954E660A5E}.Release|Any CPU.ActiveCfg = Release|Any CPU
		{56137372-04E8-409A-AF10-87954E660A5E}.Release|Any CPU.Build.0 = Release|Any CPU
		{2D9AC085-5710-40F3-BF59-A9A659310426}.Debug|Any CPU.ActiveCfg = Debug|Any CPU
		{2D9AC085-5710-40F3-BF59-A9A659310426}.Debug|Any CPU.Build.0 = Debug|Any CPU
		{2D9AC085-5710-40F3-BF59-A9A659310426}.Release|Any CPU.ActiveCfg = Release|Any CPU
		{2D9AC085-5710-40F3-BF59-A9A659310426}.Release|Any CPU.Build.0 = Release|Any CPU
	EndGlobalSection
	GlobalSection(SolutionProperties) = preSolution
		HideSolutionNode = FALSE
	EndGlobalSection
EndGlobal
